// !$*UTF8*$!
{
	archiveVersion = 1;
	classes = {
	};
	objectVersion = 56;
	objects = {

/* Begin PBXBuildFile section */
		B7A2A5F02A7602D7001F392F /* IColabApp.swift in Sources */ = {isa = PBXBuildFile; fileRef = B7A2A5EF2A7602D7001F392F /* IColabApp.swift */; };
		B7A2A5F22A7602D7001F392F /* ContentView.swift in Sources */ = {isa = PBXBuildFile; fileRef = B7A2A5F12A7602D7001F392F /* ContentView.swift */; };
		B7A2A5F42A7602D8001F392F /* Assets.xcassets in Resources */ = {isa = PBXBuildFile; fileRef = B7A2A5F32A7602D8001F392F /* Assets.xcassets */; };
		B7A2A5F72A7602D8001F392F /* Preview Assets.xcassets in Resources */ = {isa = PBXBuildFile; fileRef = B7A2A5F62A7602D8001F392F /* Preview Assets.xcassets */; };
		D83479AD2AA9D5B800E16739 /* SearchBar.swift in Sources */ = {isa = PBXBuildFile; fileRef = D83479AC2AA9D5B800E16739 /* SearchBar.swift */; };
		D87A67B22AA63211000586A1 /* OwnerProfileSheet.swift in Sources */ = {isa = PBXBuildFile; fileRef = D87A67B12AA63211000586A1 /* OwnerProfileSheet.swift */; };
		D87A67B42AA63B4E000586A1 /* ButtonComponent.swift in Sources */ = {isa = PBXBuildFile; fileRef = D87A67B32AA63B4E000586A1 /* ButtonComponent.swift */; };
		D87A67B62AA70393000586A1 /* MilestoneView.swift in Sources */ = {isa = PBXBuildFile; fileRef = D87A67B52AA70393000586A1 /* MilestoneView.swift */; };
		D87A67B82AA7059F000586A1 /* MilestoneDetailCard.swift in Sources */ = {isa = PBXBuildFile; fileRef = D87A67B72AA7059F000586A1 /* MilestoneDetailCard.swift */; };
		D87A67BA2AA766CD000586A1 /* Milestone.swift in Sources */ = {isa = PBXBuildFile; fileRef = D87A67B92AA766CD000586A1 /* Milestone.swift */; };
		D87E1F8E2AA2EF26009E3C23 /* TabBarItemComponent.swift in Sources */ = {isa = PBXBuildFile; fileRef = D87E1F8D2AA2EF26009E3C23 /* TabBarItemComponent.swift */; };
		D87E1F902AA2F0F9009E3C23 /* TabBarView.swift in Sources */ = {isa = PBXBuildFile; fileRef = D87E1F8F2AA2F0F9009E3C23 /* TabBarView.swift */; };
		D87E1F922AA2F47E009E3C23 /* TabBarType.swift in Sources */ = {isa = PBXBuildFile; fileRef = D87E1F912AA2F47E009E3C23 /* TabBarType.swift */; };
		D8A3AF1D2AA31C8800AC06C9 /* HomeView.swift in Sources */ = {isa = PBXBuildFile; fileRef = D8A3AF1C2AA31C8800AC06C9 /* HomeView.swift */; };
		D8A3AF1F2AA31C9000AC06C9 /* HomeViewModel.swift in Sources */ = {isa = PBXBuildFile; fileRef = D8A3AF1E2AA31C9000AC06C9 /* HomeViewModel.swift */; };
		D8A3AF222AA3239D00AC06C9 /* ProjectCard.swift in Sources */ = {isa = PBXBuildFile; fileRef = D8A3AF212AA3239D00AC06C9 /* ProjectCard.swift */; };
		D8A3AF272AA326B200AC06C9 /* Project.swift in Sources */ = {isa = PBXBuildFile; fileRef = D8A3AF262AA326B200AC06C9 /* Project.swift */; };
		D8A3AF2A2AA3294700AC06C9 /* MockData.swift in Sources */ = {isa = PBXBuildFile; fileRef = D8A3AF292AA3294700AC06C9 /* MockData.swift */; };
		D8A3AF2C2AA32AE200AC06C9 /* TagItem.swift in Sources */ = {isa = PBXBuildFile; fileRef = D8A3AF2B2AA32AE200AC06C9 /* TagItem.swift */; };
		D8A3AF302AA3332800AC06C9 /* ProjectDetailView.swift in Sources */ = {isa = PBXBuildFile; fileRef = D8A3AF2F2AA3332800AC06C9 /* ProjectDetailView.swift */; };
		D8A3AF362AA4664E00AC06C9 /* Account.swift in Sources */ = {isa = PBXBuildFile; fileRef = D8A3AF352AA4664E00AC06C9 /* Account.swift */; };
		D8A3AF382AA48A5500AC06C9 /* DetailCard.swift in Sources */ = {isa = PBXBuildFile; fileRef = D8A3AF372AA48A5500AC06C9 /* DetailCard.swift */; };
		D8A3AF3A2AA4B35B00AC06C9 /* PickerView.swift in Sources */ = {isa = PBXBuildFile; fileRef = D8A3AF392AA4B35B00AC06C9 /* PickerView.swift */; };
		D8FFEB7F2AA58D9900317362 /* OverviewView.swift in Sources */ = {isa = PBXBuildFile; fileRef = D8FFEB7E2AA58D9900317362 /* OverviewView.swift */; };
		D8FFEB812AA6218500317362 /* OwnerNameView.swift in Sources */ = {isa = PBXBuildFile; fileRef = D8FFEB802AA6218500317362 /* OwnerNameView.swift */; };
/* End PBXBuildFile section */

/* Begin PBXFileReference section */
		B7A2A5EC2A7602D7001F392F /* IColab.app */ = {isa = PBXFileReference; explicitFileType = wrapper.application; includeInIndex = 0; path = IColab.app; sourceTree = BUILT_PRODUCTS_DIR; };
		B7A2A5EF2A7602D7001F392F /* IColabApp.swift */ = {isa = PBXFileReference; lastKnownFileType = sourcecode.swift; path = IColabApp.swift; sourceTree = "<group>"; };
		B7A2A5F12A7602D7001F392F /* ContentView.swift */ = {isa = PBXFileReference; lastKnownFileType = sourcecode.swift; path = ContentView.swift; sourceTree = "<group>"; };
		B7A2A5F32A7602D8001F392F /* Assets.xcassets */ = {isa = PBXFileReference; lastKnownFileType = folder.assetcatalog; path = Assets.xcassets; sourceTree = "<group>"; };
		B7A2A5F62A7602D8001F392F /* Preview Assets.xcassets */ = {isa = PBXFileReference; lastKnownFileType = folder.assetcatalog; path = "Preview Assets.xcassets"; sourceTree = "<group>"; };
		D83479AC2AA9D5B800E16739 /* SearchBar.swift */ = {isa = PBXFileReference; lastKnownFileType = sourcecode.swift; path = SearchBar.swift; sourceTree = "<group>"; };
		D87A67B12AA63211000586A1 /* OwnerProfileSheet.swift */ = {isa = PBXFileReference; lastKnownFileType = sourcecode.swift; path = OwnerProfileSheet.swift; sourceTree = "<group>"; };
		D87A67B32AA63B4E000586A1 /* ButtonComponent.swift */ = {isa = PBXFileReference; lastKnownFileType = sourcecode.swift; path = ButtonComponent.swift; sourceTree = "<group>"; };
		D87A67B52AA70393000586A1 /* MilestoneView.swift */ = {isa = PBXFileReference; lastKnownFileType = sourcecode.swift; path = MilestoneView.swift; sourceTree = "<group>"; };
		D87A67B72AA7059F000586A1 /* MilestoneDetailCard.swift */ = {isa = PBXFileReference; lastKnownFileType = sourcecode.swift; path = MilestoneDetailCard.swift; sourceTree = "<group>"; };
		D87A67B92AA766CD000586A1 /* Milestone.swift */ = {isa = PBXFileReference; lastKnownFileType = sourcecode.swift; path = Milestone.swift; sourceTree = "<group>"; };
		D87E1F8D2AA2EF26009E3C23 /* TabBarItemComponent.swift */ = {isa = PBXFileReference; lastKnownFileType = sourcecode.swift; path = TabBarItemComponent.swift; sourceTree = "<group>"; };
		D87E1F8F2AA2F0F9009E3C23 /* TabBarView.swift */ = {isa = PBXFileReference; lastKnownFileType = sourcecode.swift; path = TabBarView.swift; sourceTree = "<group>"; };
		D87E1F912AA2F47E009E3C23 /* TabBarType.swift */ = {isa = PBXFileReference; lastKnownFileType = sourcecode.swift; path = TabBarType.swift; sourceTree = "<group>"; };
		D8A3AF1C2AA31C8800AC06C9 /* HomeView.swift */ = {isa = PBXFileReference; lastKnownFileType = sourcecode.swift; path = HomeView.swift; sourceTree = "<group>"; };
		D8A3AF1E2AA31C9000AC06C9 /* HomeViewModel.swift */ = {isa = PBXFileReference; lastKnownFileType = sourcecode.swift; path = HomeViewModel.swift; sourceTree = "<group>"; };
		D8A3AF212AA3239D00AC06C9 /* ProjectCard.swift */ = {isa = PBXFileReference; lastKnownFileType = sourcecode.swift; path = ProjectCard.swift; sourceTree = "<group>"; };
		D8A3AF262AA326B200AC06C9 /* Project.swift */ = {isa = PBXFileReference; lastKnownFileType = sourcecode.swift; path = Project.swift; sourceTree = "<group>"; };
		D8A3AF292AA3294700AC06C9 /* MockData.swift */ = {isa = PBXFileReference; lastKnownFileType = sourcecode.swift; path = MockData.swift; sourceTree = "<group>"; };
		D8A3AF2B2AA32AE200AC06C9 /* TagItem.swift */ = {isa = PBXFileReference; lastKnownFileType = sourcecode.swift; path = TagItem.swift; sourceTree = "<group>"; };
		D8A3AF2F2AA3332800AC06C9 /* ProjectDetailView.swift */ = {isa = PBXFileReference; lastKnownFileType = sourcecode.swift; path = ProjectDetailView.swift; sourceTree = "<group>"; };
		D8A3AF352AA4664E00AC06C9 /* Account.swift */ = {isa = PBXFileReference; lastKnownFileType = sourcecode.swift; path = Account.swift; sourceTree = "<group>"; };
		D8A3AF372AA48A5500AC06C9 /* DetailCard.swift */ = {isa = PBXFileReference; lastKnownFileType = sourcecode.swift; path = DetailCard.swift; sourceTree = "<group>"; };
		D8A3AF392AA4B35B00AC06C9 /* PickerView.swift */ = {isa = PBXFileReference; lastKnownFileType = sourcecode.swift; path = PickerView.swift; sourceTree = "<group>"; };
		D8FFEB7E2AA58D9900317362 /* OverviewView.swift */ = {isa = PBXFileReference; lastKnownFileType = sourcecode.swift; path = OverviewView.swift; sourceTree = "<group>"; };
		D8FFEB802AA6218500317362 /* OwnerNameView.swift */ = {isa = PBXFileReference; lastKnownFileType = sourcecode.swift; path = OwnerNameView.swift; sourceTree = "<group>"; };
/* End PBXFileReference section */

/* Begin PBXFrameworksBuildPhase section */
		B7A2A5E92A7602D7001F392F /* Frameworks */ = {
			isa = PBXFrameworksBuildPhase;
			buildActionMask = 2147483647;
			files = (
			);
			runOnlyForDeploymentPostprocessing = 0;
		};
/* End PBXFrameworksBuildPhase section */

/* Begin PBXGroup section */
		B7A2A5E32A7602D7001F392F = {
			isa = PBXGroup;
			children = (
				B7A2A5EE2A7602D7001F392F /* IColab */,
				B7A2A5ED2A7602D7001F392F /* Products */,
			);
			sourceTree = "<group>";
		};
		B7A2A5ED2A7602D7001F392F /* Products */ = {
			isa = PBXGroup;
			children = (
				B7A2A5EC2A7602D7001F392F /* IColab.app */,
			);
			name = Products;
			sourceTree = "<group>";
		};
		B7A2A5EE2A7602D7001F392F /* IColab */ = {
			isa = PBXGroup;
			children = (
				D8A3AF2D2AA330DA00AC06C9 /* Config */,
				D8A3AF232AA3269600AC06C9 /* Core */,
				D87E1F8A2AA2EE6A009E3C23 /* Features */,
				B7A2A5EF2A7602D7001F392F /* IColabApp.swift */,
				B7A2A5F12A7602D7001F392F /* ContentView.swift */,
				B7A2A5F52A7602D8001F392F /* Preview Content */,
			);
			path = IColab;
			sourceTree = "<group>";
		};
		B7A2A5F52A7602D8001F392F /* Preview Content */ = {
			isa = PBXGroup;
			children = (
				B7A2A5F62A7602D8001F392F /* Preview Assets.xcassets */,
			);
			path = "Preview Content";
			sourceTree = "<group>";
		};
		D87E1F8A2AA2EE6A009E3C23 /* Features */ = {
			isa = PBXGroup;
			children = (
				D8FFEB7B2AA58ADD00317362 /* ProjectDetail */,
				D8A3AF1B2AA31C6F00AC06C9 /* Home */,
				D87E1F8B2AA2EEE0009E3C23 /* GlobalComponents */,
			);
			path = Features;
			sourceTree = "<group>";
		};
		D87E1F8B2AA2EEE0009E3C23 /* GlobalComponents */ = {
			isa = PBXGroup;
			children = (
				D8A3AF2B2AA32AE200AC06C9 /* TagItem.swift */,
				D87E1F8C2AA2EEFE009E3C23 /* TabBar */,
				D87A67B32AA63B4E000586A1 /* ButtonComponent.swift */,
				D83479AC2AA9D5B800E16739 /* SearchBar.swift */,
			);
			path = GlobalComponents;
			sourceTree = "<group>";
		};
		D87E1F8C2AA2EEFE009E3C23 /* TabBar */ = {
			isa = PBXGroup;
			children = (
				D87E1F8D2AA2EF26009E3C23 /* TabBarItemComponent.swift */,
				D87E1F8F2AA2F0F9009E3C23 /* TabBarView.swift */,
				D87E1F912AA2F47E009E3C23 /* TabBarType.swift */,
			);
			path = TabBar;
			sourceTree = "<group>";
		};
		D8A3AF1B2AA31C6F00AC06C9 /* Home */ = {
			isa = PBXGroup;
			children = (
				D8A3AF342AA4651D00AC06C9 /* ViewModels */,
				D8A3AF322AA464CC00AC06C9 /* Views */,
				D8A3AF202AA3238800AC06C9 /* Components */,
			);
			path = Home;
			sourceTree = "<group>";
		};
		D8A3AF202AA3238800AC06C9 /* Components */ = {
			isa = PBXGroup;
			children = (
				D8A3AF212AA3239D00AC06C9 /* ProjectCard.swift */,
			);
			path = Components;
			sourceTree = "<group>";
		};
		D8A3AF232AA3269600AC06C9 /* Core */ = {
			isa = PBXGroup;
			children = (
				D8A3AF242AA3269A00AC06C9 /* Data */,
			);
			path = Core;
			sourceTree = "<group>";
		};
		D8A3AF242AA3269A00AC06C9 /* Data */ = {
			isa = PBXGroup;
			children = (
				D8A3AF282AA3293E00AC06C9 /* Mock */,
				D8A3AF252AA326AA00AC06C9 /* Entities */,
			);
			path = Data;
			sourceTree = "<group>";
		};
		D8A3AF252AA326AA00AC06C9 /* Entities */ = {
			isa = PBXGroup;
			children = (
				D8A3AF262AA326B200AC06C9 /* Project.swift */,
				D8A3AF352AA4664E00AC06C9 /* Account.swift */,
				D87A67B92AA766CD000586A1 /* Milestone.swift */,
			);
			path = Entities;
			sourceTree = "<group>";
		};
		D8A3AF282AA3293E00AC06C9 /* Mock */ = {
			isa = PBXGroup;
			children = (
				D8A3AF292AA3294700AC06C9 /* MockData.swift */,
			);
			path = Mock;
			sourceTree = "<group>";
		};
		D8A3AF2D2AA330DA00AC06C9 /* Config */ = {
			isa = PBXGroup;
			children = (
				D8A3AF2E2AA330E300AC06C9 /* Resources */,
			);
			path = Config;
			sourceTree = "<group>";
		};
		D8A3AF2E2AA330E300AC06C9 /* Resources */ = {
			isa = PBXGroup;
			children = (
				B7A2A5F32A7602D8001F392F /* Assets.xcassets */,
			);
			path = Resources;
			sourceTree = "<group>";
		};
		D8A3AF322AA464CC00AC06C9 /* Views */ = {
			isa = PBXGroup;
			children = (
				D8A3AF1C2AA31C8800AC06C9 /* HomeView.swift */,
			);
			path = Views;
			sourceTree = "<group>";
		};
		D8A3AF342AA4651D00AC06C9 /* ViewModels */ = {
			isa = PBXGroup;
			children = (
				D8A3AF1E2AA31C9000AC06C9 /* HomeViewModel.swift */,
			);
			path = ViewModels;
			sourceTree = "<group>";
		};
		D8FFEB7B2AA58ADD00317362 /* ProjectDetail */ = {
			isa = PBXGroup;
			children = (
				D8FFEB7D2AA58D8600317362 /* Views */,
				D8FFEB7C2AA58B6600317362 /* Components */,
			);
			path = ProjectDetail;
			sourceTree = "<group>";
		};
		D8FFEB7C2AA58B6600317362 /* Components */ = {
			isa = PBXGroup;
			children = (
				D8A3AF392AA4B35B00AC06C9 /* PickerView.swift */,
				D8A3AF372AA48A5500AC06C9 /* DetailCard.swift */,
				D8FFEB802AA6218500317362 /* OwnerNameView.swift */,
				D87A67B12AA63211000586A1 /* OwnerProfileSheet.swift */,
				D87A67B72AA7059F000586A1 /* MilestoneDetailCard.swift */,
			);
			path = Components;
			sourceTree = "<group>";
		};
		D8FFEB7D2AA58D8600317362 /* Views */ = {
			isa = PBXGroup;
			children = (
				D8A3AF2F2AA3332800AC06C9 /* ProjectDetailView.swift */,
				D8FFEB7E2AA58D9900317362 /* OverviewView.swift */,
				D87A67B52AA70393000586A1 /* MilestoneView.swift */,
			);
			path = Views;
			sourceTree = "<group>";
		};
/* End PBXGroup section */

/* Begin PBXNativeTarget section */
		B7A2A5EB2A7602D7001F392F /* IColab */ = {
			isa = PBXNativeTarget;
			buildConfigurationList = B7A2A5FA2A7602D8001F392F /* Build configuration list for PBXNativeTarget "IColab" */;
			buildPhases = (
				B7A2A5E82A7602D7001F392F /* Sources */,
				B7A2A5E92A7602D7001F392F /* Frameworks */,
				B7A2A5EA2A7602D7001F392F /* Resources */,
			);
			buildRules = (
			);
			dependencies = (
			);
			name = IColab;
			productName = IColab;
			productReference = B7A2A5EC2A7602D7001F392F /* IColab.app */;
			productType = "com.apple.product-type.application";
		};
/* End PBXNativeTarget section */

/* Begin PBXProject section */
		B7A2A5E42A7602D7001F392F /* Project object */ = {
			isa = PBXProject;
			attributes = {
				BuildIndependentTargetsInParallel = 1;
				LastSwiftUpdateCheck = 1430;
				LastUpgradeCheck = 1430;
				TargetAttributes = {
					B7A2A5EB2A7602D7001F392F = {
						CreatedOnToolsVersion = 14.3.1;
					};
				};
			};
			buildConfigurationList = B7A2A5E72A7602D7001F392F /* Build configuration list for PBXProject "IColab" */;
			compatibilityVersion = "Xcode 14.0";
			developmentRegion = en;
			hasScannedForEncodings = 0;
			knownRegions = (
				en,
				Base,
			);
			mainGroup = B7A2A5E32A7602D7001F392F;
			productRefGroup = B7A2A5ED2A7602D7001F392F /* Products */;
			projectDirPath = "";
			projectRoot = "";
			targets = (
				B7A2A5EB2A7602D7001F392F /* IColab */,
			);
		};
/* End PBXProject section */

/* Begin PBXResourcesBuildPhase section */
		B7A2A5EA2A7602D7001F392F /* Resources */ = {
			isa = PBXResourcesBuildPhase;
			buildActionMask = 2147483647;
			files = (
				B7A2A5F72A7602D8001F392F /* Preview Assets.xcassets in Resources */,
				B7A2A5F42A7602D8001F392F /* Assets.xcassets in Resources */,
			);
			runOnlyForDeploymentPostprocessing = 0;
		};
/* End PBXResourcesBuildPhase section */

/* Begin PBXSourcesBuildPhase section */
		B7A2A5E82A7602D7001F392F /* Sources */ = {
			isa = PBXSourcesBuildPhase;
			buildActionMask = 2147483647;
			files = (
				D87E1F8E2AA2EF26009E3C23 /* TabBarItemComponent.swift in Sources */,
				D87A67B62AA70393000586A1 /* MilestoneView.swift in Sources */,
				D87A67B82AA7059F000586A1 /* MilestoneDetailCard.swift in Sources */,
				D8A3AF362AA4664E00AC06C9 /* Account.swift in Sources */,
				D8A3AF2A2AA3294700AC06C9 /* MockData.swift in Sources */,
				D87E1F922AA2F47E009E3C23 /* TabBarType.swift in Sources */,
				D87A67B42AA63B4E000586A1 /* ButtonComponent.swift in Sources */,
				D8A3AF1F2AA31C9000AC06C9 /* HomeViewModel.swift in Sources */,
				B7A2A5F22A7602D7001F392F /* ContentView.swift in Sources */,
				D8A3AF382AA48A5500AC06C9 /* DetailCard.swift in Sources */,
				D8FFEB812AA6218500317362 /* OwnerNameView.swift in Sources */,
				D8A3AF1D2AA31C8800AC06C9 /* HomeView.swift in Sources */,
				D87A67B22AA63211000586A1 /* OwnerProfileSheet.swift in Sources */,
				D8A3AF3A2AA4B35B00AC06C9 /* PickerView.swift in Sources */,
				D8A3AF222AA3239D00AC06C9 /* ProjectCard.swift in Sources */,
				D8A3AF2C2AA32AE200AC06C9 /* TagItem.swift in Sources */,
				D83479AD2AA9D5B800E16739 /* SearchBar.swift in Sources */,
				D87E1F902AA2F0F9009E3C23 /* TabBarView.swift in Sources */,
				B7A2A5F02A7602D7001F392F /* IColabApp.swift in Sources */,
				D87A67BA2AA766CD000586A1 /* Milestone.swift in Sources */,
				D8A3AF272AA326B200AC06C9 /* Project.swift in Sources */,
				D8A3AF302AA3332800AC06C9 /* ProjectDetailView.swift in Sources */,
				D8FFEB7F2AA58D9900317362 /* OverviewView.swift in Sources */,
			);
			runOnlyForDeploymentPostprocessing = 0;
		};
/* End PBXSourcesBuildPhase section */

/* Begin XCBuildConfiguration section */
		B7A2A5F82A7602D8001F392F /* Debug */ = {
			isa = XCBuildConfiguration;
			buildSettings = {
				ALWAYS_SEARCH_USER_PATHS = NO;
				CLANG_ANALYZER_NONNULL = YES;
				CLANG_ANALYZER_NUMBER_OBJECT_CONVERSION = YES_AGGRESSIVE;
				CLANG_CXX_LANGUAGE_STANDARD = "gnu++20";
				CLANG_ENABLE_MODULES = YES;
				CLANG_ENABLE_OBJC_ARC = YES;
				CLANG_ENABLE_OBJC_WEAK = YES;
				CLANG_WARN_BLOCK_CAPTURE_AUTORELEASING = YES;
				CLANG_WARN_BOOL_CONVERSION = YES;
				CLANG_WARN_COMMA = YES;
				CLANG_WARN_CONSTANT_CONVERSION = YES;
				CLANG_WARN_DEPRECATED_OBJC_IMPLEMENTATIONS = YES;
				CLANG_WARN_DIRECT_OBJC_ISA_USAGE = YES_ERROR;
				CLANG_WARN_DOCUMENTATION_COMMENTS = YES;
				CLANG_WARN_EMPTY_BODY = YES;
				CLANG_WARN_ENUM_CONVERSION = YES;
				CLANG_WARN_INFINITE_RECURSION = YES;
				CLANG_WARN_INT_CONVERSION = YES;
				CLANG_WARN_NON_LITERAL_NULL_CONVERSION = YES;
				CLANG_WARN_OBJC_IMPLICIT_RETAIN_SELF = YES;
				CLANG_WARN_OBJC_LITERAL_CONVERSION = YES;
				CLANG_WARN_OBJC_ROOT_CLASS = YES_ERROR;
				CLANG_WARN_QUOTED_INCLUDE_IN_FRAMEWORK_HEADER = YES;
				CLANG_WARN_RANGE_LOOP_ANALYSIS = YES;
				CLANG_WARN_STRICT_PROTOTYPES = YES;
				CLANG_WARN_SUSPICIOUS_MOVE = YES;
				CLANG_WARN_UNGUARDED_AVAILABILITY = YES_AGGRESSIVE;
				CLANG_WARN_UNREACHABLE_CODE = YES;
				CLANG_WARN__DUPLICATE_METHOD_MATCH = YES;
				COPY_PHASE_STRIP = NO;
				DEBUG_INFORMATION_FORMAT = dwarf;
				ENABLE_STRICT_OBJC_MSGSEND = YES;
				ENABLE_TESTABILITY = YES;
				GCC_C_LANGUAGE_STANDARD = gnu11;
				GCC_DYNAMIC_NO_PIC = NO;
				GCC_NO_COMMON_BLOCKS = YES;
				GCC_OPTIMIZATION_LEVEL = 0;
				GCC_PREPROCESSOR_DEFINITIONS = (
					"DEBUG=1",
					"$(inherited)",
				);
				GCC_WARN_64_TO_32_BIT_CONVERSION = YES;
				GCC_WARN_ABOUT_RETURN_TYPE = YES_ERROR;
				GCC_WARN_UNDECLARED_SELECTOR = YES;
				GCC_WARN_UNINITIALIZED_AUTOS = YES_AGGRESSIVE;
				GCC_WARN_UNUSED_FUNCTION = YES;
				GCC_WARN_UNUSED_VARIABLE = YES;
				IPHONEOS_DEPLOYMENT_TARGET = 16.4;
				MTL_ENABLE_DEBUG_INFO = INCLUDE_SOURCE;
				MTL_FAST_MATH = YES;
				ONLY_ACTIVE_ARCH = YES;
				SDKROOT = iphoneos;
				SWIFT_ACTIVE_COMPILATION_CONDITIONS = DEBUG;
				SWIFT_OPTIMIZATION_LEVEL = "-Onone";
			};
			name = Debug;
		};
		B7A2A5F92A7602D8001F392F /* Release */ = {
			isa = XCBuildConfiguration;
			buildSettings = {
				ALWAYS_SEARCH_USER_PATHS = NO;
				CLANG_ANALYZER_NONNULL = YES;
				CLANG_ANALYZER_NUMBER_OBJECT_CONVERSION = YES_AGGRESSIVE;
				CLANG_CXX_LANGUAGE_STANDARD = "gnu++20";
				CLANG_ENABLE_MODULES = YES;
				CLANG_ENABLE_OBJC_ARC = YES;
				CLANG_ENABLE_OBJC_WEAK = YES;
				CLANG_WARN_BLOCK_CAPTURE_AUTORELEASING = YES;
				CLANG_WARN_BOOL_CONVERSION = YES;
				CLANG_WARN_COMMA = YES;
				CLANG_WARN_CONSTANT_CONVERSION = YES;
				CLANG_WARN_DEPRECATED_OBJC_IMPLEMENTATIONS = YES;
				CLANG_WARN_DIRECT_OBJC_ISA_USAGE = YES_ERROR;
				CLANG_WARN_DOCUMENTATION_COMMENTS = YES;
				CLANG_WARN_EMPTY_BODY = YES;
				CLANG_WARN_ENUM_CONVERSION = YES;
				CLANG_WARN_INFINITE_RECURSION = YES;
				CLANG_WARN_INT_CONVERSION = YES;
				CLANG_WARN_NON_LITERAL_NULL_CONVERSION = YES;
				CLANG_WARN_OBJC_IMPLICIT_RETAIN_SELF = YES;
				CLANG_WARN_OBJC_LITERAL_CONVERSION = YES;
				CLANG_WARN_OBJC_ROOT_CLASS = YES_ERROR;
				CLANG_WARN_QUOTED_INCLUDE_IN_FRAMEWORK_HEADER = YES;
				CLANG_WARN_RANGE_LOOP_ANALYSIS = YES;
				CLANG_WARN_STRICT_PROTOTYPES = YES;
				CLANG_WARN_SUSPICIOUS_MOVE = YES;
				CLANG_WARN_UNGUARDED_AVAILABILITY = YES_AGGRESSIVE;
				CLANG_WARN_UNREACHABLE_CODE = YES;
				CLANG_WARN__DUPLICATE_METHOD_MATCH = YES;
				COPY_PHASE_STRIP = NO;
				DEBUG_INFORMATION_FORMAT = "dwarf-with-dsym";
				ENABLE_NS_ASSERTIONS = NO;
				ENABLE_STRICT_OBJC_MSGSEND = YES;
				GCC_C_LANGUAGE_STANDARD = gnu11;
				GCC_NO_COMMON_BLOCKS = YES;
				GCC_WARN_64_TO_32_BIT_CONVERSION = YES;
				GCC_WARN_ABOUT_RETURN_TYPE = YES_ERROR;
				GCC_WARN_UNDECLARED_SELECTOR = YES;
				GCC_WARN_UNINITIALIZED_AUTOS = YES_AGGRESSIVE;
				GCC_WARN_UNUSED_FUNCTION = YES;
				GCC_WARN_UNUSED_VARIABLE = YES;
				IPHONEOS_DEPLOYMENT_TARGET = 16.4;
				MTL_ENABLE_DEBUG_INFO = NO;
				MTL_FAST_MATH = YES;
				SDKROOT = iphoneos;
				SWIFT_COMPILATION_MODE = wholemodule;
				SWIFT_OPTIMIZATION_LEVEL = "-O";
				VALIDATE_PRODUCT = YES;
			};
			name = Release;
		};
		B7A2A5FB2A7602D8001F392F /* Debug */ = {
			isa = XCBuildConfiguration;
			buildSettings = {
				ASSETCATALOG_COMPILER_APPICON_NAME = AppIcon;
				ASSETCATALOG_COMPILER_GLOBAL_ACCENT_COLOR_NAME = AccentColor;
				CODE_SIGN_STYLE = Automatic;
				CURRENT_PROJECT_VERSION = 1;
				DEVELOPMENT_ASSET_PATHS = "\"IColab/Preview Content\"";
				ENABLE_PREVIEWS = YES;
				GENERATE_INFOPLIST_FILE = YES;
				INFOPLIST_KEY_UIApplicationSceneManifest_Generation = YES;
				INFOPLIST_KEY_UIApplicationSupportsIndirectInputEvents = YES;
				INFOPLIST_KEY_UILaunchScreen_Generation = YES;
				INFOPLIST_KEY_UISupportedInterfaceOrientations_iPad = "UIInterfaceOrientationPortrait UIInterfaceOrientationPortraitUpsideDown UIInterfaceOrientationLandscapeLeft UIInterfaceOrientationLandscapeRight";
				INFOPLIST_KEY_UISupportedInterfaceOrientations_iPhone = "UIInterfaceOrientationPortrait UIInterfaceOrientationLandscapeLeft UIInterfaceOrientationLandscapeRight";
				LD_RUNPATH_SEARCH_PATHS = (
					"$(inherited)",
					"@executable_path/Frameworks",
				);
				MARKETING_VERSION = 1.0;
				PRODUCT_BUNDLE_IDENTIFIER = bsd.IColab;
				PRODUCT_NAME = "$(TARGET_NAME)";
				SWIFT_EMIT_LOC_STRINGS = YES;
				SWIFT_VERSION = 5.0;
				TARGETED_DEVICE_FAMILY = "1,2";
			};
			name = Debug;
		};
		B7A2A5FC2A7602D8001F392F /* Release */ = {
			isa = XCBuildConfiguration;
			buildSettings = {
				ASSETCATALOG_COMPILER_APPICON_NAME = AppIcon;
				ASSETCATALOG_COMPILER_GLOBAL_ACCENT_COLOR_NAME = AccentColor;
				CODE_SIGN_STYLE = Automatic;
				CURRENT_PROJECT_VERSION = 1;
				DEVELOPMENT_ASSET_PATHS = "\"IColab/Preview Content\"";
				ENABLE_PREVIEWS = YES;
				GENERATE_INFOPLIST_FILE = YES;
				INFOPLIST_KEY_UIApplicationSceneManifest_Generation = YES;
				INFOPLIST_KEY_UIApplicationSupportsIndirectInputEvents = YES;
				INFOPLIST_KEY_UILaunchScreen_Generation = YES;
				INFOPLIST_KEY_UISupportedInterfaceOrientations_iPad = "UIInterfaceOrientationPortrait UIInterfaceOrientationPortraitUpsideDown UIInterfaceOrientationLandscapeLeft UIInterfaceOrientationLandscapeRight";
				INFOPLIST_KEY_UISupportedInterfaceOrientations_iPhone = "UIInterfaceOrientationPortrait UIInterfaceOrientationLandscapeLeft UIInterfaceOrientationLandscapeRight";
				LD_RUNPATH_SEARCH_PATHS = (
					"$(inherited)",
					"@executable_path/Frameworks",
				);
				MARKETING_VERSION = 1.0;
				PRODUCT_BUNDLE_IDENTIFIER = bsd.IColab;
				PRODUCT_NAME = "$(TARGET_NAME)";
				SWIFT_EMIT_LOC_STRINGS = YES;
				SWIFT_VERSION = 5.0;
				TARGETED_DEVICE_FAMILY = "1,2";
			};
			name = Release;
		};
/* End XCBuildConfiguration section */

/* Begin XCConfigurationList section */
		B7A2A5E72A7602D7001F392F /* Build configuration list for PBXProject "IColab" */ = {
			isa = XCConfigurationList;
			buildConfigurations = (
				B7A2A5F82A7602D8001F392F /* Debug */,
				B7A2A5F92A7602D8001F392F /* Release */,
			);
			defaultConfigurationIsVisible = 0;
			defaultConfigurationName = Release;
		};
		B7A2A5FA2A7602D8001F392F /* Build configuration list for PBXNativeTarget "IColab" */ = {
			isa = XCConfigurationList;
			buildConfigurations = (
				B7A2A5FB2A7602D8001F392F /* Debug */,
				B7A2A5FC2A7602D8001F392F /* Release */,
			);
			defaultConfigurationIsVisible = 0;
			defaultConfigurationName = Release;
		};
/* End XCConfigurationList section */
	};
	rootObject = B7A2A5E42A7602D7001F392F /* Project object */;
}
